Microsoft Visual Studio Solution File, Format Version 12.00
# Visual Studio 2013
Project("{8BC9CEB8-8B4A-11D0-8D11-00A0C91BC942}") = "ALL_BUILD", "ALL_BUILD.vcxproj", "{5E382CB7-A86A-3ADB-B35D-3102C79E8314}"
	ProjectSection(ProjectDependencies) = postProject
		{EACCAFFF-C576-326C-8D51-E332D3F30F3B} = {EACCAFFF-C576-326C-8D51-E332D3F30F3B}
		{49549FA5-F634-3B20-AE00-EB481C8076D8} = {49549FA5-F634-3B20-AE00-EB481C8076D8}
		{AE6DE752-1A4E-389A-83D9-BB7121686E82} = {AE6DE752-1A4E-389A-83D9-BB7121686E82}
		{F6A1773B-8BBB-3326-A4B7-89CFEE87AA5E} = {F6A1773B-8BBB-3326-A4B7-89CFEE87AA5E}
		{C70102C9-8553-3DE3-AF8F-5B32391ECA98} = {C70102C9-8553-3DE3-AF8F-5B32391ECA98}
		{51A99B47-E800-37C9-93F3-355F63BB2B37} = {51A99B47-E800-37C9-93F3-355F63BB2B37}
	EndProjectSection
EndProject
Project("{8BC9CEB8-8B4A-11D0-8D11-00A0C91BC942}") = "ZERO_CHECK", "ZERO_CHECK.vcxproj", "{EACCAFFF-C576-326C-8D51-E332D3F30F3B}"
	ProjectSection(ProjectDependencies) = postProject
	EndProjectSection
EndProject
Project("{8BC9CEB8-8B4A-11D0-8D11-00A0C91BC942}") = "cef_gtest", "tests\gtest\cef_gtest.vcxproj", "{49549FA5-F634-3B20-AE00-EB481C8076D8}"
	ProjectSection(ProjectDependencies) = postProject
		{EACCAFFF-C576-326C-8D51-E332D3F30F3B} = {EACCAFFF-C576-326C-8D51-E332D3F30F3B}
	EndProjectSection
EndProject
Project("{8BC9CEB8-8B4A-11D0-8D11-00A0C91BC942}") = "cefclient", "tests\cefclient\cefclient.vcxproj", "{AE6DE752-1A4E-389A-83D9-BB7121686E82}"
	ProjectSection(ProjectDependencies) = postProject
		{EACCAFFF-C576-326C-8D51-E332D3F30F3B} = {EACCAFFF-C576-326C-8D51-E332D3F30F3B}
		{51A99B47-E800-37C9-93F3-355F63BB2B37} = {51A99B47-E800-37C9-93F3-355F63BB2B37}
	EndProjectSection
EndProject
Project("{8BC9CEB8-8B4A-11D0-8D11-00A0C91BC942}") = "cefsimple", "tests\cefsimple\cefsimple.vcxproj", "{F6A1773B-8BBB-3326-A4B7-89CFEE87AA5E}"
	ProjectSection(ProjectDependencies) = postProject
		{EACCAFFF-C576-326C-8D51-E332D3F30F3B} = {EACCAFFF-C576-326C-8D51-E332D3F30F3B}
		{51A99B47-E800-37C9-93F3-355F63BB2B37} = {51A99B47-E800-37C9-93F3-355F63BB2B37}
	EndProjectSection
EndProject
Project("{8BC9CEB8-8B4A-11D0-8D11-00A0C91BC942}") = "ceftests", "tests\ceftests\ceftests.vcxproj", "{C70102C9-8553-3DE3-AF8F-5B32391ECA98}"
	ProjectSection(ProjectDependencies) = postProject
		{EACCAFFF-C576-326C-8D51-E332D3F30F3B} = {EACCAFFF-C576-326C-8D51-E332D3F30F3B}
		{49549FA5-F634-3B20-AE00-EB481C8076D8} = {49549FA5-F634-3B20-AE00-EB481C8076D8}
		{51A99B47-E800-37C9-93F3-355F63BB2B37} = {51A99B47-E800-37C9-93F3-355F63BB2B37}
	EndProjectSection
EndProject
Project("{8BC9CEB8-8B4A-11D0-8D11-00A0C91BC942}") = "libcef_dll_wrapper", "libcef_dll_wrapper\libcef_dll_wrapper.vcxproj", "{51A99B47-E800-37C9-93F3-355F63BB2B37}"
	ProjectSection(ProjectDependencies) = postProject
		{EACCAFFF-C576-326C-8D51-E332D3F30F3B} = {EACCAFFF-C576-326C-8D51-E332D3F30F3B}
	EndProjectSection
EndProject
Global
	GlobalSection(SolutionConfigurationPlatforms) = preSolution
		Debug|Win32 = Debug|Win32
		Release|Win32 = Release|Win32
	EndGlobalSection
	GlobalSection(ProjectConfigurationPlatforms) = postSolution
		{5E382CB7-A86A-3ADB-B35D-3102C79E8314}.Debug|Win32.ActiveCfg = Debug|Win32
		{5E382CB7-A86A-3ADB-B35D-3102C79E8314}.Release|Win32.ActiveCfg = Release|Win32
		{EACCAFFF-C576-326C-8D51-E332D3F30F3B}.Debug|Win32.ActiveCfg = Debug|Win32
		{EACCAFFF-C576-326C-8D51-E332D3F30F3B}.Debug|Win32.Build.0 = Debug|Win32
		{EACCAFFF-C576-326C-8D51-E332D3F30F3B}.Release|Win32.ActiveCfg = Release|Win32
		{EACCAFFF-C576-326C-8D51-E332D3F30F3B}.Release|Win32.Build.0 = Release|Win32
		{49549FA5-F634-3B20-AE00-EB481C8076D8}.Debug|Win32.ActiveCfg = Debug|Win32
		{49549FA5-F634-3B20-AE00-EB481C8076D8}.Debug|Win32.Build.0 = Debug|Win32
		{49549FA5-F634-3B20-AE00-EB481C8076D8}.Release|Win32.ActiveCfg = Release|Win32
		{49549FA5-F634-3B20-AE00-EB481C8076D8}.Release|Win32.Build.0 = Release|Win32
		{AE6DE752-1A4E-389A-83D9-BB7121686E82}.Debug|Win32.ActiveCfg = Debug|Win32
		{AE6DE752-1A4E-389A-83D9-BB7121686E82}.Debug|Win32.Build.0 = Debug|Win32
		{AE6DE752-1A4E-389A-83D9-BB7121686E82}.Release|Win32.ActiveCfg = Release|Win32
		{AE6DE752-1A4E-389A-83D9-BB7121686E82}.Release|Win32.Build.0 = Release|Win32
		{F6A1773B-8BBB-3326-A4B7-89CFEE87AA5E}.Debug|Win32.ActiveCfg = Debug|Win32
		{F6A1773B-8BBB-3326-A4B7-89CFEE87AA5E}.Debug|Win32.Build.0 = Debug|Win32
		{F6A1773B-8BBB-3326-A4B7-89CFEE87AA5E}.Release|Win32.ActiveCfg = Release|Win32
		{F6A1773B-8BBB-3326-A4B7-89CFEE87AA5E}.Release|Win32.Build.0 = Release|Win32
		{C70102C9-8553-3DE3-AF8F-5B32391ECA98}.Debug|Win32.ActiveCfg = Debug|Win32
		{C70102C9-8553-3DE3-AF8F-5B32391ECA98}.Debug|Win32.Build.0 = Debug|Win32
		{C70102C9-8553-3DE3-AF8F-5B32391ECA98}.Release|Win32.ActiveCfg = Release|Win32
		{C70102C9-8553-3DE3-AF8F-5B32391ECA98}.Release|Win32.Build.0 = Release|Win32
		{51A99B47-E800-37C9-93F3-355F63BB2B37}.Debug|Win32.ActiveCfg = Debug|Win32
		{51A99B47-E800-37C9-93F3-355F63BB2B37}.Debug|Win32.Build.0 = Debug|Win32
		{51A99B47-E800-37C9-93F3-355F63BB2B37}.Release|Win32.ActiveCfg = Release|Win32
		{51A99B47-E800-37C9-93F3-355F63BB2B37}.Release|Win32.Build.0 = Release|Win32
	EndGlobalSection
	GlobalSection(ExtensibilityGlobals) = postSolution
	EndGlobalSection
	GlobalSection(ExtensibilityAddIns) = postSolution
	EndGlobalSection
EndGlobal
